
Microsoft Visual Studio Solution File, Format Version 12.00
# Visual Studio Version 16
VisualStudioVersion = 16.0.30011.22
MinimumVisualStudioVersion = 10.0.40219.1
Project("{9A19103F-16F7-4668-BE54-9A1E7A4F7556}") = "SqlParserApp", "SqlParserApp\SqlParserApp.csproj", "{1E180409-A7CF-4C6B-8118-BE046E8CD7ED}"
EndProject
Project("{9A19103F-16F7-4668-BE54-9A1E7A4F7556}") = "SqlMemoryDb", "SqlParser\SqlMemoryDb.csproj", "{1E9655AA-0C04-462B-AF0A-DB4D3144ECC3}"
EndProject
Global
	GlobalSection(SolutionConfigurationPlatforms) = preSolution
		Debug|Any CPU = Debug|Any CPU
		Release|Any CPU = Release|Any CPU
	EndGlobalSection
	GlobalSection(ProjectConfigurationPlatforms) = postSolution
		{1E180409-A7CF-4C6B-8118-BE046E8CD7ED}.Debug|Any CPU.ActiveCfg = Debug|Any CPU
		{1E180409-A7CF-4C6B-8118-BE046E8CD7ED}.Debug|Any CPU.Build.0 = Debug|Any CPU
		{1E180409-A7CF-4C6B-8118-BE046E8CD7ED}.Release|Any CPU.ActiveCfg = Release|Any CPU
		{1E180409-A7CF-4C6B-8118-BE046E8CD7ED}.Release|Any CPU.Build.0 = Release|Any CPU
		{1E9655AA-0C04-462B-AF0A-DB4D3144ECC3}.Debug|Any CPU.ActiveCfg = Debug|Any CPU
		{1E9655AA-0C04-462B-AF0A-DB4D3144ECC3}.Debug|Any CPU.Build.0 = Debug|Any CPU
		{1E9655AA-0C04-462B-AF0A-DB4D3144ECC3}.Release|Any CPU.ActiveCfg = Release|Any CPU
		{1E9655AA-0C04-462B-AF0A-DB4D3144ECC3}.Release|Any CPU.Build.0 = Release|Any CPU
	EndGlobalSection
	GlobalSection(SolutionProperties) = preSolution
		HideSolutionNode = FALSE
	EndGlobalSection
	GlobalSection(ExtensibilityGlobals) = postSolution
		SolutionGuid = {89CB57AD-762B-4E6A-88B3-26C1EAFB1715}
	EndGlobalSection
EndGlobal
