
Microsoft Visual Studio Solution File, Format Version 12.00
# Visual Studio Version 16
VisualStudioVersion = 16.0.30011.22
MinimumVisualStudioVersion = 10.0.40219.1
Project("{9A19103F-16F7-4668-BE54-9A1E7A4F7556}") = "SqlParserApp", "SqlParserApp\SqlParserApp.csproj", "{1E180409-A7CF-4C6B-8118-BE046E8CD7ED}"
EndProject
Project("{9A19103F-16F7-4668-BE54-9A1E7A4F7556}") = "SqlMemoryDb", "SqlParser\SqlMemoryDb.csproj", "{1E9655AA-0C04-462B-AF0A-DB4D3144ECC3}"
EndProject
Project("{9A19103F-16F7-4668-BE54-9A1E7A4F7556}") = "DatabaseTests", "DatabaseTests\DatabaseTests.csproj", "{AC13AE25-2FCE-4B34-9EFF-4BC55247AE11}"
EndProject
Project("{2150E333-8FDC-42A3-9474-1A3956D46DE8}") = "Example WebApplication", "Example WebApplication", "{7BB469DF-8751-408A-BB44-A7939648AE76}"
EndProject
Project("{9A19103F-16F7-4668-BE54-9A1E7A4F7556}") = "DotNetCoreSqlDb", "Example WebApplication\dotnetcore-sqldb-tutorial\DotNetCoreSqlDb.csproj", "{F41298CD-3A68-4515-9545-F87EDBB05A3A}"
EndProject
Project("{00D1A9C2-B5F0-4AF3-8072-F6C62B433612}") = "TodoDatabase", "Example WebApplication\TodoDatabase\TodoDatabase.sqlproj", "{6B853891-5EF3-45AB-90DE-0D7EE38CE4E7}"
EndProject
Project("{9A19103F-16F7-4668-BE54-9A1E7A4F7556}") = "WebApplicationTests", "Example WebApplication\WebApplicationTests\WebApplicationTests.csproj", "{0BC54D5F-705D-49C7-93C5-5F41AE0F72EE}"
EndProject
Project("{2150E333-8FDC-42A3-9474-1A3956D46DE8}") = "Solution Items", "Solution Items", "{77669CDB-EB9C-4F26-93F8-5C72D9DA1FFB}"
	ProjectSection(SolutionItems) = preProject
		README.md = README.md
	EndProjectSection
EndProject
Global
	GlobalSection(SolutionConfigurationPlatforms) = preSolution
		Debug|Any CPU = Debug|Any CPU
		Release|Any CPU = Release|Any CPU
	EndGlobalSection
	GlobalSection(ProjectConfigurationPlatforms) = postSolution
		{1E180409-A7CF-4C6B-8118-BE046E8CD7ED}.Debug|Any CPU.ActiveCfg = Debug|Any CPU
		{1E180409-A7CF-4C6B-8118-BE046E8CD7ED}.Debug|Any CPU.Build.0 = Debug|Any CPU
		{1E180409-A7CF-4C6B-8118-BE046E8CD7ED}.Release|Any CPU.ActiveCfg = Release|Any CPU
		{1E180409-A7CF-4C6B-8118-BE046E8CD7ED}.Release|Any CPU.Build.0 = Release|Any CPU
		{1E9655AA-0C04-462B-AF0A-DB4D3144ECC3}.Debug|Any CPU.ActiveCfg = Debug|Any CPU
		{1E9655AA-0C04-462B-AF0A-DB4D3144ECC3}.Debug|Any CPU.Build.0 = Debug|Any CPU
		{1E9655AA-0C04-462B-AF0A-DB4D3144ECC3}.Release|Any CPU.ActiveCfg = Release|Any CPU
		{1E9655AA-0C04-462B-AF0A-DB4D3144ECC3}.Release|Any CPU.Build.0 = Release|Any CPU
		{AC13AE25-2FCE-4B34-9EFF-4BC55247AE11}.Debug|Any CPU.ActiveCfg = Debug|Any CPU
		{AC13AE25-2FCE-4B34-9EFF-4BC55247AE11}.Debug|Any CPU.Build.0 = Debug|Any CPU
		{AC13AE25-2FCE-4B34-9EFF-4BC55247AE11}.Release|Any CPU.ActiveCfg = Release|Any CPU
		{AC13AE25-2FCE-4B34-9EFF-4BC55247AE11}.Release|Any CPU.Build.0 = Release|Any CPU
		{F41298CD-3A68-4515-9545-F87EDBB05A3A}.Debug|Any CPU.ActiveCfg = Debug|Any CPU
		{F41298CD-3A68-4515-9545-F87EDBB05A3A}.Debug|Any CPU.Build.0 = Debug|Any CPU
		{F41298CD-3A68-4515-9545-F87EDBB05A3A}.Release|Any CPU.ActiveCfg = Release|Any CPU
		{F41298CD-3A68-4515-9545-F87EDBB05A3A}.Release|Any CPU.Build.0 = Release|Any CPU
		{6B853891-5EF3-45AB-90DE-0D7EE38CE4E7}.Debug|Any CPU.ActiveCfg = Debug|Any CPU
		{6B853891-5EF3-45AB-90DE-0D7EE38CE4E7}.Debug|Any CPU.Build.0 = Debug|Any CPU
		{6B853891-5EF3-45AB-90DE-0D7EE38CE4E7}.Debug|Any CPU.Deploy.0 = Debug|Any CPU
		{6B853891-5EF3-45AB-90DE-0D7EE38CE4E7}.Release|Any CPU.ActiveCfg = Release|Any CPU
		{6B853891-5EF3-45AB-90DE-0D7EE38CE4E7}.Release|Any CPU.Build.0 = Release|Any CPU
		{6B853891-5EF3-45AB-90DE-0D7EE38CE4E7}.Release|Any CPU.Deploy.0 = Release|Any CPU
		{0BC54D5F-705D-49C7-93C5-5F41AE0F72EE}.Debug|Any CPU.ActiveCfg = Debug|Any CPU
		{0BC54D5F-705D-49C7-93C5-5F41AE0F72EE}.Debug|Any CPU.Build.0 = Debug|Any CPU
		{0BC54D5F-705D-49C7-93C5-5F41AE0F72EE}.Release|Any CPU.ActiveCfg = Release|Any CPU
		{0BC54D5F-705D-49C7-93C5-5F41AE0F72EE}.Release|Any CPU.Build.0 = Release|Any CPU
	EndGlobalSection
	GlobalSection(SolutionProperties) = preSolution
		HideSolutionNode = FALSE
	EndGlobalSection
	GlobalSection(NestedProjects) = preSolution
		{F41298CD-3A68-4515-9545-F87EDBB05A3A} = {7BB469DF-8751-408A-BB44-A7939648AE76}
		{6B853891-5EF3-45AB-90DE-0D7EE38CE4E7} = {7BB469DF-8751-408A-BB44-A7939648AE76}
		{0BC54D5F-705D-49C7-93C5-5F41AE0F72EE} = {7BB469DF-8751-408A-BB44-A7939648AE76}
	EndGlobalSection
	GlobalSection(ExtensibilityGlobals) = postSolution
		SolutionGuid = {89CB57AD-762B-4E6A-88B3-26C1EAFB1715}
	EndGlobalSection
EndGlobal
